// !$*UTF8*$!
{
	archiveVersion = 1;
	classes = {
	};
	objectVersion = 51;
	objects = {

/* Begin PBXBuildFile section */
		868EC7E2232CEF8000089D3F /* AppDelegate.swift in Sources */ = {isa = PBXBuildFile; fileRef = 868EC7E1232CEF8000089D3F /* AppDelegate.swift */; };
		868EC7E4232CEF8000089D3F /* ViewController.swift in Sources */ = {isa = PBXBuildFile; fileRef = 868EC7E3232CEF8000089D3F /* ViewController.swift */; };
		868EC7E7232CEF8000089D3F /* Main.storyboard in Resources */ = {isa = PBXBuildFile; fileRef = 868EC7E5232CEF8000089D3F /* Main.storyboard */; };
		868EC7E9232CEF8100089D3F /* Assets.xcassets in Resources */ = {isa = PBXBuildFile; fileRef = 868EC7E8232CEF8100089D3F /* Assets.xcassets */; };
		868EC7EC232CEF8100089D3F /* LaunchScreen.storyboard in Resources */ = {isa = PBXBuildFile; fileRef = 868EC7EA232CEF8100089D3F /* LaunchScreen.storyboard */; };
		868EC7F7232CEF8200089D3F /* SwiftHolaXRTests.swift in Sources */ = {isa = PBXBuildFile; fileRef = 868EC7F6232CEF8200089D3F /* SwiftHolaXRTests.swift */; };
		868EC802232CEF8200089D3F /* SwiftHolaXRUITests.swift in Sources */ = {isa = PBXBuildFile; fileRef = 868EC801232CEF8200089D3F /* SwiftHolaXRUITests.swift */; };
		86EC575D24C4A06F00EF3B55 /* siri.jpeg in Resources */ = {isa = PBXBuildFile; fileRef = 86EC575C24C4A06F00EF3B55 /* siri.jpeg */; };
/* End PBXBuildFile section */

/* Begin PBXContainerItemProxy section */
		868EC7F3232CEF8200089D3F /* PBXContainerItemProxy */ = {
			isa = PBXContainerItemProxy;
			containerPortal = 868EC7D6232CEF8000089D3F /* Project object */;
			proxyType = 1;
			remoteGlobalIDString = 868EC7DD232CEF8000089D3F;
			remoteInfo = SwiftHolaXR;
		};
		868EC7FE232CEF8200089D3F /* PBXContainerItemProxy */ = {
			isa = PBXContainerItemProxy;
			containerPortal = 868EC7D6232CEF8000089D3F /* Project object */;
			proxyType = 1;
			remoteGlobalIDString = 868EC7DD232CEF8000089D3F;
			remoteInfo = SwiftHolaXR;
		};
/* End PBXContainerItemProxy section */

/* Begin PBXFileReference section */
		868EC7DE232CEF8000089D3F /* SwiftHolaXR.app */ = {isa = PBXFileReference; explicitFileType = wrapper.application; includeInIndex = 0; path = SwiftHolaXR.app; sourceTree = BUILT_PRODUCTS_DIR; };
		868EC7E1232CEF8000089D3F /* AppDelegate.swift */ = {isa = PBXFileReference; lastKnownFileType = sourcecode.swift; path = AppDelegate.swift; sourceTree = "<group>"; };
		868EC7E3232CEF8000089D3F /* ViewController.swift */ = {isa = PBXFileReference; lastKnownFileType = sourcecode.swift; path = ViewController.swift; sourceTree = "<group>"; };
		868EC7E6232CEF8000089D3F /* Base */ = {isa = PBXFileReference; lastKnownFileType = file.storyboard; name = Base; path = Base.lproj/Main.storyboard; sourceTree = "<group>"; };
		868EC7E8232CEF8100089D3F /* Assets.xcassets */ = {isa = PBXFileReference; lastKnownFileType = folder.assetcatalog; path = Assets.xcassets; sourceTree = "<group>"; };
		868EC7EB232CEF8100089D3F /* Base */ = {isa = PBXFileReference; lastKnownFileType = file.storyboard; name = Base; path = Base.lproj/LaunchScreen.storyboard; sourceTree = "<group>"; };
		868EC7ED232CEF8100089D3F /* Info.plist */ = {isa = PBXFileReference; lastKnownFileType = text.plist.xml; path = Info.plist; sourceTree = "<group>"; };
		868EC7F2232CEF8100089D3F /* SwiftHolaXRTests.xctest */ = {isa = PBXFileReference; explicitFileType = wrapper.cfbundle; includeInIndex = 0; path = SwiftHolaXRTests.xctest; sourceTree = BUILT_PRODUCTS_DIR; };
		868EC7F6232CEF8200089D3F /* SwiftHolaXRTests.swift */ = {isa = PBXFileReference; lastKnownFileType = sourcecode.swift; path = SwiftHolaXRTests.swift; sourceTree = "<group>"; };
		868EC7F8232CEF8200089D3F /* Info.plist */ = {isa = PBXFileReference; lastKnownFileType = text.plist.xml; path = Info.plist; sourceTree = "<group>"; };
		868EC7FD232CEF8200089D3F /* SwiftHolaXRUITests.xctest */ = {isa = PBXFileReference; explicitFileType = wrapper.cfbundle; includeInIndex = 0; path = SwiftHolaXRUITests.xctest; sourceTree = BUILT_PRODUCTS_DIR; };
		868EC801232CEF8200089D3F /* SwiftHolaXRUITests.swift */ = {isa = PBXFileReference; lastKnownFileType = sourcecode.swift; path = SwiftHolaXRUITests.swift; sourceTree = "<group>"; };
		868EC803232CEF8200089D3F /* Info.plist */ = {isa = PBXFileReference; lastKnownFileType = text.plist.xml; path = Info.plist; sourceTree = "<group>"; };
		86EC575C24C4A06F00EF3B55 /* siri.jpeg */ = {isa = PBXFileReference; lastKnownFileType = image.jpeg; name = siri.jpeg; path = imagenes/siri.jpeg; sourceTree = "<group>"; };
/* End PBXFileReference section */

/* Begin PBXFrameworksBuildPhase section */
		868EC7DB232CEF8000089D3F /* Frameworks */ = {
			isa = PBXFrameworksBuildPhase;
			buildActionMask = 2147483647;
			files = (
			);
			runOnlyForDeploymentPostprocessing = 0;
		};
		868EC7EF232CEF8100089D3F /* Frameworks */ = {
			isa = PBXFrameworksBuildPhase;
			buildActionMask = 2147483647;
			files = (
			);
			runOnlyForDeploymentPostprocessing = 0;
		};
		868EC7FA232CEF8200089D3F /* Frameworks */ = {
			isa = PBXFrameworksBuildPhase;
			buildActionMask = 2147483647;
			files = (
			);
			runOnlyForDeploymentPostprocessing = 0;
		};
/* End PBXFrameworksBuildPhase section */

/* Begin PBXGroup section */
		868EC7D5232CEF8000089D3F = {
			isa = PBXGroup;
			children = (
				868EC7E0232CEF8000089D3F /* SwiftHolaXR */,
				868EC7F5232CEF8200089D3F /* SwiftHolaXRTests */,
				868EC800232CEF8200089D3F /* SwiftHolaXRUITests */,
				868EC7DF232CEF8000089D3F /* Products */,
			);
			sourceTree = "<group>";
		};
		868EC7DF232CEF8000089D3F /* Products */ = {
			isa = PBXGroup;
			children = (
				868EC7DE232CEF8000089D3F /* SwiftHolaXR.app */,
				868EC7F2232CEF8100089D3F /* SwiftHolaXRTests.xctest */,
				868EC7FD232CEF8200089D3F /* SwiftHolaXRUITests.xctest */,
			);
			name = Products;
			sourceTree = "<group>";
		};
		868EC7E0232CEF8000089D3F /* SwiftHolaXR */ = {
			isa = PBXGroup;
			children = (
				868EC7E1232CEF8000089D3F /* AppDelegate.swift */,
				868EC7E3232CEF8000089D3F /* ViewController.swift */,
				86EC575C24C4A06F00EF3B55 /* siri.jpeg */,
				868EC7E5232CEF8000089D3F /* Main.storyboard */,
				868EC7E8232CEF8100089D3F /* Assets.xcassets */,
				868EC7EA232CEF8100089D3F /* LaunchScreen.storyboard */,
				868EC7ED232CEF8100089D3F /* Info.plist */,
			);
			path = SwiftHolaXR;
			sourceTree = "<group>";
		};
		868EC7F5232CEF8200089D3F /* SwiftHolaXRTests */ = {
			isa = PBXGroup;
			children = (
				868EC7F6232CEF8200089D3F /* SwiftHolaXRTests.swift */,
				868EC7F8232CEF8200089D3F /* Info.plist */,
			);
			path = SwiftHolaXRTests;
			sourceTree = "<group>";
		};
		868EC800232CEF8200089D3F /* SwiftHolaXRUITests */ = {
			isa = PBXGroup;
			children = (
				868EC801232CEF8200089D3F /* SwiftHolaXRUITests.swift */,
				868EC803232CEF8200089D3F /* Info.plist */,
			);
			path = SwiftHolaXRUITests;
			sourceTree = "<group>";
		};
/* End PBXGroup section */

/* Begin PBXNativeTarget section */
		868EC7DD232CEF8000089D3F /* SwiftHolaXR */ = {
			isa = PBXNativeTarget;
			buildConfigurationList = 868EC806232CEF8200089D3F /* Build configuration list for PBXNativeTarget "SwiftHolaXR" */;
			buildPhases = (
				868EC7DA232CEF8000089D3F /* Sources */,
				868EC7DB232CEF8000089D3F /* Frameworks */,
				868EC7DC232CEF8000089D3F /* Resources */,
			);
			buildRules = (
			);
			dependencies = (
			);
			name = SwiftHolaXR;
			productName = SwiftHolaXR;
			productReference = 868EC7DE232CEF8000089D3F /* SwiftHolaXR.app */;
			productType = "com.apple.product-type.application";
		};
		868EC7F1232CEF8100089D3F /* SwiftHolaXRTests */ = {
			isa = PBXNativeTarget;
			buildConfigurationList = 868EC809232CEF8200089D3F /* Build configuration list for PBXNativeTarget "SwiftHolaXRTests" */;
			buildPhases = (
				868EC7EE232CEF8100089D3F /* Sources */,
				868EC7EF232CEF8100089D3F /* Frameworks */,
				868EC7F0232CEF8100089D3F /* Resources */,
			);
			buildRules = (
			);
			dependencies = (
				868EC7F4232CEF8200089D3F /* PBXTargetDependency */,
			);
			name = SwiftHolaXRTests;
			productName = SwiftHolaXRTests;
			productReference = 868EC7F2232CEF8100089D3F /* SwiftHolaXRTests.xctest */;
			productType = "com.apple.product-type.bundle.unit-test";
		};
		868EC7FC232CEF8200089D3F /* SwiftHolaXRUITests */ = {
			isa = PBXNativeTarget;
			buildConfigurationList = 868EC80C232CEF8200089D3F /* Build configuration list for PBXNativeTarget "SwiftHolaXRUITests" */;
			buildPhases = (
				868EC7F9232CEF8200089D3F /* Sources */,
				868EC7FA232CEF8200089D3F /* Frameworks */,
				868EC7FB232CEF8200089D3F /* Resources */,
			);
			buildRules = (
			);
			dependencies = (
				868EC7FF232CEF8200089D3F /* PBXTargetDependency */,
			);
			name = SwiftHolaXRUITests;
			productName = SwiftHolaXRUITests;
			productReference = 868EC7FD232CEF8200089D3F /* SwiftHolaXRUITests.xctest */;
			productType = "com.apple.product-type.bundle.ui-testing";
		};
/* End PBXNativeTarget section */

/* Begin PBXProject section */
		868EC7D6232CEF8000089D3F /* Project object */ = {
			isa = PBXProject;
			attributes = {
				LastSwiftUpdateCheck = 1030;
				LastUpgradeCheck = 1030;
				ORGANIZATIONNAME = bykike;
				TargetAttributes = {
					868EC7DD232CEF8000089D3F = {
						CreatedOnToolsVersion = 10.3;
					};
					868EC7F1232CEF8100089D3F = {
						CreatedOnToolsVersion = 10.3;
						TestTargetID = 868EC7DD232CEF8000089D3F;
					};
					868EC7FC232CEF8200089D3F = {
						CreatedOnToolsVersion = 10.3;
						TestTargetID = 868EC7DD232CEF8000089D3F;
					};
				};
			};
			buildConfigurationList = 868EC7D9232CEF8000089D3F /* Build configuration list for PBXProject "SwiftHolaXR" */;
			compatibilityVersion = "Xcode 10.0";
			developmentRegion = en;
			hasScannedForEncodings = 0;
			knownRegions = (
				en,
				Base,
			);
			mainGroup = 868EC7D5232CEF8000089D3F;
			productRefGroup = 868EC7DF232CEF8000089D3F /* Products */;
			projectDirPath = "";
			projectRoot = "";
			targets = (
				868EC7DD232CEF8000089D3F /* SwiftHolaXR */,
				868EC7F1232CEF8100089D3F /* SwiftHolaXRTests */,
				868EC7FC232CEF8200089D3F /* SwiftHolaXRUITests */,
			);
		};
/* End PBXProject section */

/* Begin PBXResourcesBuildPhase section */
		868EC7DC232CEF8000089D3F /* Resources */ = {
			isa = PBXResourcesBuildPhase;
			buildActionMask = 2147483647;
			files = (
				86EC575D24C4A06F00EF3B55 /* siri.jpeg in Resources */,
				868EC7EC232CEF8100089D3F /* LaunchScreen.storyboard in Resources */,
				868EC7E9232CEF8100089D3F /* Assets.xcassets in Resources */,
				868EC7E7232CEF8000089D3F /* Main.storyboard in Resources */,
			);
			runOnlyForDeploymentPostprocessing = 0;
		};
		868EC7F0232CEF8100089D3F /* Resources */ = {
			isa = PBXResourcesBuildPhase;
			buildActionMask = 2147483647;
			files = (
			);
			runOnlyForDeploymentPostprocessing = 0;
		};
		868EC7FB232CEF8200089D3F /* Resources */ = {
			isa = PBXResourcesBuildPhase;
			buildActionMask = 2147483647;
			files = (
			);
			runOnlyForDeploymentPostprocessing = 0;
		};
/* End PBXResourcesBuildPhase section */

/* Begin PBXSourcesBuildPhase section */
		868EC7DA232CEF8000089D3F /* Sources */ = {
			isa = PBXSourcesBuildPhase;
			buildActionMask = 2147483647;
			files = (
				868EC7E4232CEF8000089D3F /* ViewController.swift in Sources */,
				868EC7E2232CEF8000089D3F /* AppDelegate.swift in Sources */,
			);
			runOnlyForDeploymentPostprocessing = 0;
		};
		868EC7EE232CEF8100089D3F /* Sources */ = {
			isa = PBXSourcesBuildPhase;
			buildActionMask = 2147483647;
			files = (
				868EC7F7232CEF8200089D3F /* SwiftHolaXRTests.swift in Sources */,
			);
			runOnlyForDeploymentPostprocessing = 0;
		};
		868EC7F9232CEF8200089D3F /* Sources */ = {
			isa = PBXSourcesBuildPhase;
			buildActionMask = 2147483647;
			files = (
				868EC802232CEF8200089D3F /* SwiftHolaXRUITests.swift in Sources */,
			);
			runOnlyForDeploymentPostprocessing = 0;
		};
/* End PBXSourcesBuildPhase section */

/* Begin PBXTargetDependency section */
		868EC7F4232CEF8200089D3F /* PBXTargetDependency */ = {
			isa = PBXTargetDependency;
			target = 868EC7DD232CEF8000089D3F /* SwiftHolaXR */;
			targetProxy = 868EC7F3232CEF8200089D3F /* PBXContainerItemProxy */;
		};
		868EC7FF232CEF8200089D3F /* PBXTargetDependency */ = {
			isa = PBXTargetDependency;
			target = 868EC7DD232CEF8000089D3F /* SwiftHolaXR */;
			targetProxy = 868EC7FE232CEF8200089D3F /* PBXContainerItemProxy */;
		};
/* End PBXTargetDependency section */

/* Begin PBXVariantGroup section */
		868EC7E5232CEF8000089D3F /* Main.storyboard */ = {
			isa = PBXVariantGroup;
			children = (
				868EC7E6232CEF8000089D3F /* Base */,
			);
			name = Main.storyboard;
			sourceTree = "<group>";
		};
		868EC7EA232CEF8100089D3F /* LaunchScreen.storyboard */ = {
			isa = PBXVariantGroup;
			children = (
				868EC7EB232CEF8100089D3F /* Base */,
			);
			name = LaunchScreen.storyboard;
			sourceTree = "<group>";
		};
/* End PBXVariantGroup section */

/* Begin XCBuildConfiguration section */
		868EC804232CEF8200089D3F /* Debug */ = {
			isa = XCBuildConfiguration;
			buildSettings = {
				ALWAYS_SEARCH_USER_PATHS = NO;
				CLANG_ANALYZER_NONNULL = YES;
				CLANG_ANALYZER_NUMBER_OBJECT_CONVERSION = YES_AGGRESSIVE;
				CLANG_CXX_LANGUAGE_STANDARD = "gnu++14";
				CLANG_CXX_LIBRARY = "libc++";
				CLANG_ENABLE_MODULES = YES;
				CLANG_ENABLE_OBJC_ARC = YES;
				CLANG_ENABLE_OBJC_WEAK = YES;
				CLANG_WARN_BLOCK_CAPTURE_AUTORELEASING = YES;
				CLANG_WARN_BOOL_CONVERSION = YES;
				CLANG_WARN_COMMA = YES;
				CLANG_WARN_CONSTANT_CONVERSION = YES;
				CLANG_WARN_DEPRECATED_OBJC_IMPLEMENTATIONS = YES;
				CLANG_WARN_DIRECT_OBJC_ISA_USAGE = YES_ERROR;
				CLANG_WARN_DOCUMENTATION_COMMENTS = YES;
				CLANG_WARN_EMPTY_BODY = YES;
				CLANG_WARN_ENUM_CONVERSION = YES;
				CLANG_WARN_INFINITE_RECURSION = YES;
				CLANG_WARN_INT_CONVERSION = YES;
				CLANG_WARN_NON_LITERAL_NULL_CONVERSION = YES;
				CLANG_WARN_OBJC_IMPLICIT_RETAIN_SELF = YES;
				CLANG_WARN_OBJC_LITERAL_CONVERSION = YES;
				CLANG_WARN_OBJC_ROOT_CLASS = YES_ERROR;
				CLANG_WARN_RANGE_LOOP_ANALYSIS = YES;
				CLANG_WARN_STRICT_PROTOTYPES = YES;
				CLANG_WARN_SUSPICIOUS_MOVE = YES;
				CLANG_WARN_UNGUARDED_AVAILABILITY = YES_AGGRESSIVE;
				CLANG_WARN_UNREACHABLE_CODE = YES;
				CLANG_WARN__DUPLICATE_METHOD_MATCH = YES;
				CODE_SIGN_IDENTITY = "iPhone Developer";
				COPY_PHASE_STRIP = NO;
				DEBUG_INFORMATION_FORMAT = dwarf;
				ENABLE_STRICT_OBJC_MSGSEND = YES;
				ENABLE_TESTABILITY = YES;
				GCC_C_LANGUAGE_STANDARD = gnu11;
				GCC_DYNAMIC_NO_PIC = NO;
				GCC_NO_COMMON_BLOCKS = YES;
				GCC_OPTIMIZATION_LEVEL = 0;
				GCC_PREPROCESSOR_DEFINITIONS = (
					"DEBUG=1",
					"$(inherited)",
				);
				GCC_WARN_64_TO_32_BIT_CONVERSION = YES;
				GCC_WARN_ABOUT_RETURN_TYPE = YES_ERROR;
				GCC_WARN_UNDECLARED_SELECTOR = YES;
				GCC_WARN_UNINITIALIZED_AUTOS = YES_AGGRESSIVE;
				GCC_WARN_UNUSED_FUNCTION = YES;
				GCC_WARN_UNUSED_VARIABLE = YES;
				IPHONEOS_DEPLOYMENT_TARGET = 12.4;
				MTL_ENABLE_DEBUG_INFO = INCLUDE_SOURCE;
				MTL_FAST_MATH = YES;
				ONLY_ACTIVE_ARCH = YES;
				SDKROOT = iphoneos;
				SWIFT_ACTIVE_COMPILATION_CONDITIONS = DEBUG;
				SWIFT_OPTIMIZATION_LEVEL = "-Onone";
			};
			name = Debug;
		};
		868EC805232CEF8200089D3F /* Release */ = {
			isa = XCBuildConfiguration;
			buildSettings = {
				ALWAYS_SEARCH_USER_PATHS = NO;
				CLANG_ANALYZER_NONNULL = YES;
				CLANG_ANALYZER_NUMBER_OBJECT_CONVERSION = YES_AGGRESSIVE;
				CLANG_CXX_LANGUAGE_STANDARD = "gnu++14";
				CLANG_CXX_LIBRARY = "libc++";
				CLANG_ENABLE_MODULES = YES;
				CLANG_ENABLE_OBJC_ARC = YES;
				CLANG_ENABLE_OBJC_WEAK = YES;
				CLANG_WARN_BLOCK_CAPTURE_AUTORELEASING = YES;
				CLANG_WARN_BOOL_CONVERSION = YES;
				CLANG_WARN_COMMA = YES;
				CLANG_WARN_CONSTANT_CONVERSION = YES;
				CLANG_WARN_DEPRECATED_OBJC_IMPLEMENTATIONS = YES;
				CLANG_WARN_DIRECT_OBJC_ISA_USAGE = YES_ERROR;
				CLANG_WARN_DOCUMENTATION_COMMENTS = YES;
				CLANG_WARN_EMPTY_BODY = YES;
				CLANG_WARN_ENUM_CONVERSION = YES;
				CLANG_WARN_INFINITE_RECURSION = YES;
				CLANG_WARN_INT_CONVERSION = YES;
				CLANG_WARN_NON_LITERAL_NULL_CONVERSION = YES;
				CLANG_WARN_OBJC_IMPLICIT_RETAIN_SELF = YES;
				CLANG_WARN_OBJC_LITERAL_CONVERSION = YES;
				CLANG_WARN_OBJC_ROOT_CLASS = YES_ERROR;
				CLANG_WARN_RANGE_LOOP_ANALYSIS = YES;
				CLANG_WARN_STRICT_PROTOTYPES = YES;
				CLANG_WARN_SUSPICIOUS_MOVE = YES;
				CLANG_WARN_UNGUARDED_AVAILABILITY = YES_AGGRESSIVE;
				CLANG_WARN_UNREACHABLE_CODE = YES;
				CLANG_WARN__DUPLICATE_METHOD_MATCH = YES;
				CODE_SIGN_IDENTITY = "iPhone Developer";
				COPY_PHASE_STRIP = NO;
				DEBUG_INFORMATION_FORMAT = "dwarf-with-dsym";
				ENABLE_NS_ASSERTIONS = NO;
				ENABLE_STRICT_OBJC_MSGSEND = YES;
				GCC_C_LANGUAGE_STANDARD = gnu11;
				GCC_NO_COMMON_BLOCKS = YES;
				GCC_WARN_64_TO_32_BIT_CONVERSION = YES;
				GCC_WARN_ABOUT_RETURN_TYPE = YES_ERROR;
				GCC_WARN_UNDECLARED_SELECTOR = YES;
				GCC_WARN_UNINITIALIZED_AUTOS = YES_AGGRESSIVE;
				GCC_WARN_UNUSED_FUNCTION = YES;
				GCC_WARN_UNUSED_VARIABLE = YES;
				IPHONEOS_DEPLOYMENT_TARGET = 12.4;
				MTL_ENABLE_DEBUG_INFO = NO;
				MTL_FAST_MATH = YES;
				SDKROOT = iphoneos;
				SWIFT_COMPILATION_MODE = wholemodule;
				SWIFT_OPTIMIZATION_LEVEL = "-O";
				VALIDATE_PRODUCT = YES;
			};
			name = Release;
		};
		868EC807232CEF8200089D3F /* Debug */ = {
			isa = XCBuildConfiguration;
			buildSettings = {
				ASSETCATALOG_COMPILER_APPICON_NAME = AppIcon;
				CODE_SIGN_STYLE = Automatic;
				DEVELOPMENT_TEAM = 5ANL37S77S;
				INFOPLIST_FILE = SwiftHolaXR/Info.plist;
				LD_RUNPATH_SEARCH_PATHS = (
					"$(inherited)",
					"@executable_path/Frameworks",
				);
				PRODUCT_BUNDLE_IDENTIFIER = Home.SwiftHolaXR;
				PRODUCT_NAME = "$(TARGET_NAME)";
				SWIFT_VERSION = 5.0;
				TARGETED_DEVICE_FAMILY = "1,2";
			};
			name = Debug;
		};
		868EC808232CEF8200089D3F /* Release */ = {
			isa = XCBuildConfiguration;
			buildSettings = {
				ASSETCATALOG_COMPILER_APPICON_NAME = AppIcon;
				CODE_SIGN_STYLE = Automatic;
				DEVELOPMENT_TEAM = 5ANL37S77S;
				INFOPLIST_FILE = SwiftHolaXR/Info.plist;
				LD_RUNPATH_SEARCH_PATHS = (
					"$(inherited)",
					"@executable_path/Frameworks",
				);
				PRODUCT_BUNDLE_IDENTIFIER = Home.SwiftHolaXR;
				PRODUCT_NAME = "$(TARGET_NAME)";
				SWIFT_VERSION = 5.0;
				TARGETED_DEVICE_FAMILY = "1,2";
			};
			name = Release;
		};
		868EC80A232CEF8200089D3F /* Debug */ = {
			isa = XCBuildConfiguration;
			buildSettings = {
				ALWAYS_EMBED_SWIFT_STANDARD_LIBRARIES = YES;
				BUNDLE_LOADER = "$(TEST_HOST)";
				CODE_SIGN_STYLE = Automatic;
				DEVELOPMENT_TEAM = 5ANL37S77S;
				INFOPLIST_FILE = SwiftHolaXRTests/Info.plist;
				LD_RUNPATH_SEARCH_PATHS = (
					"$(inherited)",
					"@executable_path/Frameworks",
					"@loader_path/Frameworks",
				);
				PRODUCT_BUNDLE_IDENTIFIER = Home.SwiftHolaXRTests;
				PRODUCT_NAME = "$(TARGET_NAME)";
				SWIFT_VERSION = 5.0;
				TARGETED_DEVICE_FAMILY = "1,2";
				TEST_HOST = "$(BUILT_PRODUCTS_DIR)/SwiftHolaXR.app/SwiftHolaXR";
			};
			name = Debug;
		};
		868EC80B232CEF8200089D3F /* Release */ = {
			isa = XCBuildConfiguration;
			buildSettings = {
				ALWAYS_EMBED_SWIFT_STANDARD_LIBRARIES = YES;
				BUNDLE_LOADER = "$(TEST_HOST)";
				CODE_SIGN_STYLE = Automatic;
				DEVELOPMENT_TEAM = 5ANL37S77S;
				INFOPLIST_FILE = SwiftHolaXRTests/Info.plist;
				LD_RUNPATH_SEARCH_PATHS = (
					"$(inherited)",
					"@executable_path/Frameworks",
					"@loader_path/Frameworks",
				);
				PRODUCT_BUNDLE_IDENTIFIER = Home.SwiftHolaXRTests;
				PRODUCT_NAME = "$(TARGET_NAME)";
				SWIFT_VERSION = 5.0;
				TARGETED_DEVICE_FAMILY = "1,2";
				TEST_HOST = "$(BUILT_PRODUCTS_DIR)/SwiftHolaXR.app/SwiftHolaXR";
			};
			name = Release;
		};
		868EC80D232CEF8200089D3F /* Debug */ = {
			isa = XCBuildConfiguration;
			buildSettings = {
				ALWAYS_EMBED_SWIFT_STANDARD_LIBRARIES = YES;
				CODE_SIGN_STYLE = Automatic;
				DEVELOPMENT_TEAM = 5ANL37S77S;
				INFOPLIST_FILE = SwiftHolaXRUITests/Info.plist;
				LD_RUNPATH_SEARCH_PATHS = (
					"$(inherited)",
					"@executable_path/Frameworks",
					"@loader_path/Frameworks",
				);
				PRODUCT_BUNDLE_IDENTIFIER = Home.SwiftHolaXRUITests;
				PRODUCT_NAME = "$(TARGET_NAME)";
				SWIFT_VERSION = 5.0;
				TARGETED_DEVICE_FAMILY = "1,2";
				TEST_TARGET_NAME = SwiftHolaXR;
			};
			name = Debug;
		};
		868EC80E232CEF8200089D3F /* Release */ = {
			isa = XCBuildConfiguration;
			buildSettings = {
				ALWAYS_EMBED_SWIFT_STANDARD_LIBRARIES = YES;
				CODE_SIGN_STYLE = Automatic;
				DEVELOPMENT_TEAM = 5ANL37S77S;
				INFOPLIST_FILE = SwiftHolaXRUITests/Info.plist;
				LD_RUNPATH_SEARCH_PATHS = (
					"$(inherited)",
					"@executable_path/Frameworks",
					"@loader_path/Frameworks",
				);
				PRODUCT_BUNDLE_IDENTIFIER = Home.SwiftHolaXRUITests;
				PRODUCT_NAME = "$(TARGET_NAME)";
				SWIFT_VERSION = 5.0;
				TARGETED_DEVICE_FAMILY = "1,2";
				TEST_TARGET_NAME = SwiftHolaXR;
			};
			name = Release;
		};
/* End XCBuildConfiguration section */

/* Begin XCConfigurationList section */
		868EC7D9232CEF8000089D3F /* Build configuration list for PBXProject "SwiftHolaXR" */ = {
			isa = XCConfigurationList;
			buildConfigurations = (
				868EC804232CEF8200089D3F /* Debug */,
				868EC805232CEF8200089D3F /* Release */,
			);
			defaultConfigurationIsVisible = 0;
			defaultConfigurationName = Release;
		};
		868EC806232CEF8200089D3F /* Build configuration list for PBXNativeTarget "SwiftHolaXR" */ = {
			isa = XCConfigurationList;
			buildConfigurations = (
				868EC807232CEF8200089D3F /* Debug */,
				868EC808232CEF8200089D3F /* Release */,
			);
			defaultConfigurationIsVisible = 0;
			defaultConfigurationName = Release;
		};
		868EC809232CEF8200089D3F /* Build configuration list for PBXNativeTarget "SwiftHolaXRTests" */ = {
			isa = XCConfigurationList;
			buildConfigurations = (
				868EC80A232CEF8200089D3F /* Debug */,
				868EC80B232CEF8200089D3F /* Release */,
			);
			defaultConfigurationIsVisible = 0;
			defaultConfigurationName = Release;
		};
		868EC80C232CEF8200089D3F /* Build configuration list for PBXNativeTarget "SwiftHolaXRUITests" */ = {
			isa = XCConfigurationList;
			buildConfigurations = (
				868EC80D232CEF8200089D3F /* Debug */,
				868EC80E232CEF8200089D3F /* Release */,
			);
			defaultConfigurationIsVisible = 0;
			defaultConfigurationName = Release;
		};
/* End XCConfigurationList section */
	};
	rootObject = 868EC7D6232CEF8000089D3F /* Project object */;
}
